
Microsoft Visual Studio Solution File, Format Version 12.00
# Visual Studio Version 17
VisualStudioVersion = 17.2.32630.192
MinimumVisualStudioVersion = 10.0.40219.1
Project("{FAE04EC0-301F-11D3-BF4B-00C04F79EFBC}") = "Matrix", "Matrix\Matrix.csproj", "{A81F5808-75B8-47E9-B4BC-1D5D85574882}"
EndProject
Global
	GlobalSection(SolutionConfigurationPlatforms) = preSolution
		Debug|Any CPU = Debug|Any CPU
		Release|Any CPU = Release|Any CPU
	EndGlobalSection
	GlobalSection(ProjectConfigurationPlatforms) = postSolution
		{A81F5808-75B8-47E9-B4BC-1D5D85574882}.Debug|Any CPU.ActiveCfg = Debug|Any CPU
		{A81F5808-75B8-47E9-B4BC-1D5D85574882}.Debug|Any CPU.Build.0 = Debug|Any CPU
		{A81F5808-75B8-47E9-B4BC-1D5D85574882}.Release|Any CPU.ActiveCfg = Release|Any CPU
		{A81F5808-75B8-47E9-B4BC-1D5D85574882}.Release|Any CPU.Build.0 = Release|Any CPU
	EndGlobalSection
	GlobalSection(SolutionProperties) = preSolution
		HideSolutionNode = FALSE
	EndGlobalSection
	GlobalSection(ExtensibilityGlobals) = postSolution
		SolutionGuid = {D1806A1D-DB89-4ABE-9100-4F8218F31E4A}
	EndGlobalSection
EndGlobal
